
Microsoft Visual Studio Solution File, Format Version 12.00
# Visual Studio Version 16
VisualStudioVersion = 16.0.30320.27
MinimumVisualStudioVersion = 10.0.40219.1
Project("{FAE04EC0-301F-11D3-BF4B-00C04F79EFBC}") = "CarDelegate", "CarDelegate\CarDelegate.csproj", "{9073D15C-C12D-4434-A172-FEF91C2155C9}"
EndProject
Project("{FAE04EC0-301F-11D3-BF4B-00C04F79EFBC}") = "CarDelegateMethodGroupConversion", "CarDelegateMethodGroupConversion\CarDelegateMethodGroupConversion.csproj", "{788A9138-FD84-4C7E-81CE-324964A0BD74}"
EndProject
Project("{FAE04EC0-301F-11D3-BF4B-00C04F79EFBC}") = "GenericDelegate", "GenericDelegate\GenericDelegate.csproj", "{AA70A760-0701-4C43-BEE0-EA98B3F60BD7}"
EndProject
Project("{FAE04EC0-301F-11D3-BF4B-00C04F79EFBC}") = "ActionAndFuncDelegates", "ActionAndFuncDelegates\ActionAndFuncDelegates.csproj", "{A9F5D0B7-5D61-4D0F-94F2-629032C516EE}"
EndProject
Project("{FAE04EC0-301F-11D3-BF4B-00C04F79EFBC}") = "CarEvents", "CarEvents\CarEvents.csproj", "{44B6D987-2604-4F3D-BE18-C11F2856B525}"
EndProject
Global
	GlobalSection(SolutionConfigurationPlatforms) = preSolution
		Debug|Any CPU = Debug|Any CPU
		Release|Any CPU = Release|Any CPU
	EndGlobalSection
	GlobalSection(ProjectConfigurationPlatforms) = postSolution
		{9073D15C-C12D-4434-A172-FEF91C2155C9}.Debug|Any CPU.ActiveCfg = Debug|Any CPU
		{9073D15C-C12D-4434-A172-FEF91C2155C9}.Debug|Any CPU.Build.0 = Debug|Any CPU
		{9073D15C-C12D-4434-A172-FEF91C2155C9}.Release|Any CPU.ActiveCfg = Release|Any CPU
		{9073D15C-C12D-4434-A172-FEF91C2155C9}.Release|Any CPU.Build.0 = Release|Any CPU
		{788A9138-FD84-4C7E-81CE-324964A0BD74}.Debug|Any CPU.ActiveCfg = Debug|Any CPU
		{788A9138-FD84-4C7E-81CE-324964A0BD74}.Debug|Any CPU.Build.0 = Debug|Any CPU
		{788A9138-FD84-4C7E-81CE-324964A0BD74}.Release|Any CPU.ActiveCfg = Release|Any CPU
		{788A9138-FD84-4C7E-81CE-324964A0BD74}.Release|Any CPU.Build.0 = Release|Any CPU
		{AA70A760-0701-4C43-BEE0-EA98B3F60BD7}.Debug|Any CPU.ActiveCfg = Debug|Any CPU
		{AA70A760-0701-4C43-BEE0-EA98B3F60BD7}.Debug|Any CPU.Build.0 = Debug|Any CPU
		{AA70A760-0701-4C43-BEE0-EA98B3F60BD7}.Release|Any CPU.ActiveCfg = Release|Any CPU
		{AA70A760-0701-4C43-BEE0-EA98B3F60BD7}.Release|Any CPU.Build.0 = Release|Any CPU
		{A9F5D0B7-5D61-4D0F-94F2-629032C516EE}.Debug|Any CPU.ActiveCfg = Debug|Any CPU
		{A9F5D0B7-5D61-4D0F-94F2-629032C516EE}.Debug|Any CPU.Build.0 = Debug|Any CPU
		{A9F5D0B7-5D61-4D0F-94F2-629032C516EE}.Release|Any CPU.ActiveCfg = Release|Any CPU
		{A9F5D0B7-5D61-4D0F-94F2-629032C516EE}.Release|Any CPU.Build.0 = Release|Any CPU
		{44B6D987-2604-4F3D-BE18-C11F2856B525}.Debug|Any CPU.ActiveCfg = Debug|Any CPU
		{44B6D987-2604-4F3D-BE18-C11F2856B525}.Debug|Any CPU.Build.0 = Debug|Any CPU
		{44B6D987-2604-4F3D-BE18-C11F2856B525}.Release|Any CPU.ActiveCfg = Release|Any CPU
		{44B6D987-2604-4F3D-BE18-C11F2856B525}.Release|Any CPU.Build.0 = Release|Any CPU
	EndGlobalSection
	GlobalSection(SolutionProperties) = preSolution
		HideSolutionNode = FALSE
	EndGlobalSection
	GlobalSection(ExtensibilityGlobals) = postSolution
		SolutionGuid = {1FEB88B1-7A67-4E6F-9F74-3AC4AAADEEAA}
	EndGlobalSection
EndGlobal
