
Microsoft Visual Studio Solution File, Format Version 12.00
# Visual Studio Version 16
VisualStudioVersion = 16.0.30330.147
MinimumVisualStudioVersion = 10.0.40219.1
Project("{FAE04EC0-301F-11D3-BF4B-00C04F79EFBC}") = "01-SimpleIndexer", "01-SimpleIndexer\01-SimpleIndexer.csproj", "{13507C4D-AC45-45CC-BD9B-99FC5B55537B}"
EndProject
Global
	GlobalSection(SolutionConfigurationPlatforms) = preSolution
		Debug|Any CPU = Debug|Any CPU
		Release|Any CPU = Release|Any CPU
	EndGlobalSection
	GlobalSection(ProjectConfigurationPlatforms) = postSolution
		{13507C4D-AC45-45CC-BD9B-99FC5B55537B}.Debug|Any CPU.ActiveCfg = Debug|Any CPU
		{13507C4D-AC45-45CC-BD9B-99FC5B55537B}.Debug|Any CPU.Build.0 = Debug|Any CPU
		{13507C4D-AC45-45CC-BD9B-99FC5B55537B}.Release|Any CPU.ActiveCfg = Release|Any CPU
		{13507C4D-AC45-45CC-BD9B-99FC5B55537B}.Release|Any CPU.Build.0 = Release|Any CPU
	EndGlobalSection
	GlobalSection(SolutionProperties) = preSolution
		HideSolutionNode = FALSE
	EndGlobalSection
	GlobalSection(ExtensibilityGlobals) = postSolution
		SolutionGuid = {4CB960ED-633A-40BD-8FF2-D98E5556A8C9}
	EndGlobalSection
EndGlobal
