
Microsoft Visual Studio Solution File, Format Version 12.00
# Visual Studio Version 16
VisualStudioVersion = 16.0.30330.147
MinimumVisualStudioVersion = 10.0.40219.1
Project("{FAE04EC0-301F-11D3-BF4B-00C04F79EFBC}") = "01-SimpleIndexer", "01-SimpleIndexer\01-SimpleIndexer.csproj", "{13507C4D-AC45-45CC-BD9B-99FC5B55537B}"
EndProject
Project("{FAE04EC0-301F-11D3-BF4B-00C04F79EFBC}") = "CustomConversions", "CustomConversions\CustomConversions.csproj", "{9AE6B160-DC13-4358-AF42-647D4D3EA312}"
EndProject
Project("{FAE04EC0-301F-11D3-BF4B-00C04F79EFBC}") = "ExtensionMethods", "ExtensionMethods\ExtensionMethods.csproj", "{50ED11EB-63C3-4F4E-BD27-DE6571851024}"
EndProject
Project("{FAE04EC0-301F-11D3-BF4B-00C04F79EFBC}") = "InterfaceExtensions", "InterfaceExtensions\InterfaceExtensions.csproj", "{44574C34-33DF-452A-B9F3-3B4A73D42264}"
EndProject
Project("{FAE04EC0-301F-11D3-BF4B-00C04F79EFBC}") = "UnsafeCode", "UnsafeCode\UnsafeCode.csproj", "{C8124D76-E1F5-497D-BC24-DDE7E0E58913}"
EndProject
Global
	GlobalSection(SolutionConfigurationPlatforms) = preSolution
		Debug|Any CPU = Debug|Any CPU
		Release|Any CPU = Release|Any CPU
	EndGlobalSection
	GlobalSection(ProjectConfigurationPlatforms) = postSolution
		{13507C4D-AC45-45CC-BD9B-99FC5B55537B}.Debug|Any CPU.ActiveCfg = Debug|Any CPU
		{13507C4D-AC45-45CC-BD9B-99FC5B55537B}.Debug|Any CPU.Build.0 = Debug|Any CPU
		{13507C4D-AC45-45CC-BD9B-99FC5B55537B}.Release|Any CPU.ActiveCfg = Release|Any CPU
		{13507C4D-AC45-45CC-BD9B-99FC5B55537B}.Release|Any CPU.Build.0 = Release|Any CPU
		{9AE6B160-DC13-4358-AF42-647D4D3EA312}.Debug|Any CPU.ActiveCfg = Debug|Any CPU
		{9AE6B160-DC13-4358-AF42-647D4D3EA312}.Debug|Any CPU.Build.0 = Debug|Any CPU
		{9AE6B160-DC13-4358-AF42-647D4D3EA312}.Release|Any CPU.ActiveCfg = Release|Any CPU
		{9AE6B160-DC13-4358-AF42-647D4D3EA312}.Release|Any CPU.Build.0 = Release|Any CPU
		{50ED11EB-63C3-4F4E-BD27-DE6571851024}.Debug|Any CPU.ActiveCfg = Debug|Any CPU
		{50ED11EB-63C3-4F4E-BD27-DE6571851024}.Debug|Any CPU.Build.0 = Debug|Any CPU
		{50ED11EB-63C3-4F4E-BD27-DE6571851024}.Release|Any CPU.ActiveCfg = Release|Any CPU
		{50ED11EB-63C3-4F4E-BD27-DE6571851024}.Release|Any CPU.Build.0 = Release|Any CPU
		{44574C34-33DF-452A-B9F3-3B4A73D42264}.Debug|Any CPU.ActiveCfg = Debug|Any CPU
		{44574C34-33DF-452A-B9F3-3B4A73D42264}.Debug|Any CPU.Build.0 = Debug|Any CPU
		{44574C34-33DF-452A-B9F3-3B4A73D42264}.Release|Any CPU.ActiveCfg = Release|Any CPU
		{44574C34-33DF-452A-B9F3-3B4A73D42264}.Release|Any CPU.Build.0 = Release|Any CPU
		{C8124D76-E1F5-497D-BC24-DDE7E0E58913}.Debug|Any CPU.ActiveCfg = Debug|Any CPU
		{C8124D76-E1F5-497D-BC24-DDE7E0E58913}.Debug|Any CPU.Build.0 = Debug|Any CPU
		{C8124D76-E1F5-497D-BC24-DDE7E0E58913}.Release|Any CPU.ActiveCfg = Release|Any CPU
		{C8124D76-E1F5-497D-BC24-DDE7E0E58913}.Release|Any CPU.Build.0 = Release|Any CPU
	EndGlobalSection
	GlobalSection(SolutionProperties) = preSolution
		HideSolutionNode = FALSE
	EndGlobalSection
	GlobalSection(ExtensibilityGlobals) = postSolution
		SolutionGuid = {4CB960ED-633A-40BD-8FF2-D98E5556A8C9}
	EndGlobalSection
EndGlobal
